// !$*UTF8*$!
{
	archiveVersion = 1;
	classes = {
	};
	objectVersion = 46;
	objects = {

/* Begin PBXBuildFile section */
		66B9FED779AB4506B2828D8D /* libPods.a in Frameworks */ = {isa = PBXBuildFile; fileRef = 4F2F2005533142D3853DD1C8 /* libPods.a */; };
		7D47858015D4928F00EA4BCB /* UIKit.framework in Frameworks */ = {isa = PBXBuildFile; fileRef = 7D47857F15D4928F00EA4BCB /* UIKit.framework */; };
		7D47858215D4928F00EA4BCB /* Foundation.framework in Frameworks */ = {isa = PBXBuildFile; fileRef = 7D47858115D4928F00EA4BCB /* Foundation.framework */; };
		7D47858415D4928F00EA4BCB /* CoreGraphics.framework in Frameworks */ = {isa = PBXBuildFile; fileRef = 7D47858315D4928F00EA4BCB /* CoreGraphics.framework */; };
		7D47858A15D4928F00EA4BCB /* InfoPlist.strings in Resources */ = {isa = PBXBuildFile; fileRef = 7D47858815D4928F00EA4BCB /* InfoPlist.strings */; };
		7D47858C15D4928F00EA4BCB /* main.m in Sources */ = {isa = PBXBuildFile; fileRef = 7D47858B15D4928F00EA4BCB /* main.m */; };
		7D47859015D4928F00EA4BCB /* AppDelegate.m in Sources */ = {isa = PBXBuildFile; fileRef = 7D47858F15D4928F00EA4BCB /* AppDelegate.m */; };
		7D4785A115D49A8A00EA4BCB /* MainViewController.m in Sources */ = {isa = PBXBuildFile; fileRef = 7D47859F15D49A8A00EA4BCB /* MainViewController.m */; };
		7D4785A215D49A8A00EA4BCB /* MainViewController.xib in Resources */ = {isa = PBXBuildFile; fileRef = 7D4785A015D49A8A00EA4BCB /* MainViewController.xib */; };
		7D4785A915D49AD000EA4BCB /* DownloadQueues.m in Sources */ = {isa = PBXBuildFile; fileRef = 7D4785A615D49AD000EA4BCB /* DownloadQueues.m */; };
		7D4785AA15D49AD000EA4BCB /* DownloadItem.m in Sources */ = {isa = PBXBuildFile; fileRef = 7D4785A815D49AD000EA4BCB /* DownloadItem.m */; };
		7D4785AD15D49CD100EA4BCB /* NSFileManager+DQTempFile.m in Sources */ = {isa = PBXBuildFile; fileRef = 7D4785AC15D49CD100EA4BCB /* NSFileManager+DQTempFile.m */; };
		7D4785B415D4A26900EA4BCB /* .gitignore in Resources */ = {isa = PBXBuildFile; fileRef = 7D4785AF15D4A26900EA4BCB /* .gitignore */; };
		7D4785B515D4A26900EA4BCB /* KeyedFileStorage.m in Sources */ = {isa = PBXBuildFile; fileRef = 7D4785B115D4A26900EA4BCB /* KeyedFileStorage.m */; };
		7D4785B615D4A26900EA4BCB /* LICENSE in Resources */ = {isa = PBXBuildFile; fileRef = 7D4785B215D4A26900EA4BCB /* LICENSE */; };
		7D4785B715D4A26900EA4BCB /* README.md in Resources */ = {isa = PBXBuildFile; fileRef = 7D4785B315D4A26900EA4BCB /* README.md */; };
		7D657AD8179B6F5700A0EB26 /* Default-568h@2x.png in Resources */ = {isa = PBXBuildFile; fileRef = 7D657AD7179B6F5700A0EB26 /* Default-568h@2x.png */; };
/* End PBXBuildFile section */

/* Begin PBXFileReference section */
		4F2F2005533142D3853DD1C8 /* libPods.a */ = {isa = PBXFileReference; explicitFileType = archive.ar; includeInIndex = 0; path = libPods.a; sourceTree = BUILT_PRODUCTS_DIR; };
		7D47857B15D4928F00EA4BCB /* DownloadQueuesExample.app */ = {isa = PBXFileReference; explicitFileType = wrapper.application; includeInIndex = 0; path = DownloadQueuesExample.app; sourceTree = BUILT_PRODUCTS_DIR; };
		7D47857F15D4928F00EA4BCB /* UIKit.framework */ = {isa = PBXFileReference; includeInIndex = 1; lastKnownFileType = wrapper.framework; name = UIKit.framework; path = System/Library/Frameworks/UIKit.framework; sourceTree = SDKROOT; };
		7D47858115D4928F00EA4BCB /* Foundation.framework */ = {isa = PBXFileReference; includeInIndex = 1; lastKnownFileType = wrapper.framework; name = Foundation.framework; path = System/Library/Frameworks/Foundation.framework; sourceTree = SDKROOT; };
		7D47858315D4928F00EA4BCB /* CoreGraphics.framework */ = {isa = PBXFileReference; includeInIndex = 1; lastKnownFileType = wrapper.framework; name = CoreGraphics.framework; path = System/Library/Frameworks/CoreGraphics.framework; sourceTree = SDKROOT; };
		7D47858715D4928F00EA4BCB /* DownloadQueuesExample-Info.plist */ = {isa = PBXFileReference; lastKnownFileType = text.plist.xml; path = "DownloadQueuesExample-Info.plist"; sourceTree = "<group>"; };
		7D47858915D4928F00EA4BCB /* en */ = {isa = PBXFileReference; lastKnownFileType = text.plist.strings; name = en; path = en.lproj/InfoPlist.strings; sourceTree = "<group>"; };
		7D47858B15D4928F00EA4BCB /* main.m */ = {isa = PBXFileReference; lastKnownFileType = sourcecode.c.objc; path = main.m; sourceTree = "<group>"; };
		7D47858D15D4928F00EA4BCB /* DownloadQueuesExample-Prefix.pch */ = {isa = PBXFileReference; lastKnownFileType = sourcecode.c.h; path = "DownloadQueuesExample-Prefix.pch"; sourceTree = "<group>"; };
		7D47858E15D4928F00EA4BCB /* AppDelegate.h */ = {isa = PBXFileReference; lastKnownFileType = sourcecode.c.h; path = AppDelegate.h; sourceTree = "<group>"; };
		7D47858F15D4928F00EA4BCB /* AppDelegate.m */ = {isa = PBXFileReference; lastKnownFileType = sourcecode.c.objc; path = AppDelegate.m; sourceTree = "<group>"; };
		7D47859E15D49A8A00EA4BCB /* MainViewController.h */ = {isa = PBXFileReference; fileEncoding = 4; lastKnownFileType = sourcecode.c.h; path = MainViewController.h; sourceTree = "<group>"; };
		7D47859F15D49A8A00EA4BCB /* MainViewController.m */ = {isa = PBXFileReference; fileEncoding = 4; lastKnownFileType = sourcecode.c.objc; path = MainViewController.m; sourceTree = "<group>"; };
		7D4785A015D49A8A00EA4BCB /* MainViewController.xib */ = {isa = PBXFileReference; fileEncoding = 4; lastKnownFileType = file.xib; path = MainViewController.xib; sourceTree = "<group>"; };
		7D4785A515D49AD000EA4BCB /* DownloadQueues.h */ = {isa = PBXFileReference; fileEncoding = 4; lastKnownFileType = sourcecode.c.h; path = DownloadQueues.h; sourceTree = "<group>"; };
		7D4785A615D49AD000EA4BCB /* DownloadQueues.m */ = {isa = PBXFileReference; fileEncoding = 4; lastKnownFileType = sourcecode.c.objc; path = DownloadQueues.m; sourceTree = "<group>"; };
		7D4785A715D49AD000EA4BCB /* DownloadItem.h */ = {isa = PBXFileReference; fileEncoding = 4; lastKnownFileType = sourcecode.c.h; path = DownloadItem.h; sourceTree = "<group>"; };
		7D4785A815D49AD000EA4BCB /* DownloadItem.m */ = {isa = PBXFileReference; fileEncoding = 4; lastKnownFileType = sourcecode.c.objc; path = DownloadItem.m; sourceTree = "<group>"; };
		7D4785AB15D49CD100EA4BCB /* NSFileManager+DQTempFile.h */ = {isa = PBXFileReference; fileEncoding = 4; lastKnownFileType = sourcecode.c.h; path = "NSFileManager+DQTempFile.h"; sourceTree = "<group>"; };
		7D4785AC15D49CD100EA4BCB /* NSFileManager+DQTempFile.m */ = {isa = PBXFileReference; fileEncoding = 4; lastKnownFileType = sourcecode.c.objc; path = "NSFileManager+DQTempFile.m"; sourceTree = "<group>"; };
		7D4785AF15D4A26900EA4BCB /* .gitignore */ = {isa = PBXFileReference; fileEncoding = 4; lastKnownFileType = text; path = .gitignore; sourceTree = "<group>"; };
		7D4785B015D4A26900EA4BCB /* KeyedFileStorage.h */ = {isa = PBXFileReference; fileEncoding = 4; lastKnownFileType = sourcecode.c.h; path = KeyedFileStorage.h; sourceTree = "<group>"; };
		7D4785B115D4A26900EA4BCB /* KeyedFileStorage.m */ = {isa = PBXFileReference; fileEncoding = 4; lastKnownFileType = sourcecode.c.objc; path = KeyedFileStorage.m; sourceTree = "<group>"; };
		7D4785B215D4A26900EA4BCB /* LICENSE */ = {isa = PBXFileReference; fileEncoding = 4; lastKnownFileType = text; path = LICENSE; sourceTree = "<group>"; };
		7D4785B315D4A26900EA4BCB /* README.md */ = {isa = PBXFileReference; fileEncoding = 4; lastKnownFileType = text; path = README.md; sourceTree = "<group>"; };
		7D657AD7179B6F5700A0EB26 /* Default-568h@2x.png */ = {isa = PBXFileReference; lastKnownFileType = image.png; path = "Default-568h@2x.png"; sourceTree = "<group>"; };
		844F5B94860D4CFDB2C69490 /* Pods.xcconfig */ = {isa = PBXFileReference; includeInIndex = 1; lastKnownFileType = text.xcconfig; name = Pods.xcconfig; path = Pods/Pods.xcconfig; sourceTree = SOURCE_ROOT; };
/* End PBXFileReference section */

/* Begin PBXFrameworksBuildPhase section */
		7D47857815D4928F00EA4BCB /* Frameworks */ = {
			isa = PBXFrameworksBuildPhase;
			buildActionMask = 2147483647;
			files = (
				7D47858015D4928F00EA4BCB /* UIKit.framework in Frameworks */,
				7D47858215D4928F00EA4BCB /* Foundation.framework in Frameworks */,
				7D47858415D4928F00EA4BCB /* CoreGraphics.framework in Frameworks */,
				66B9FED779AB4506B2828D8D /* libPods.a in Frameworks */,
			);
			runOnlyForDeploymentPostprocessing = 0;
		};
/* End PBXFrameworksBuildPhase section */

/* Begin PBXGroup section */
		7D47857015D4928F00EA4BCB = {
			isa = PBXGroup;
			children = (
				7D657AD7179B6F5700A0EB26 /* Default-568h@2x.png */,
				7D47858515D4928F00EA4BCB /* DownloadQueuesExample */,
				7D47857E15D4928F00EA4BCB /* Frameworks */,
				7D47857C15D4928F00EA4BCB /* Products */,
				844F5B94860D4CFDB2C69490 /* Pods.xcconfig */,
			);
			sourceTree = "<group>";
		};
		7D47857C15D4928F00EA4BCB /* Products */ = {
			isa = PBXGroup;
			children = (
				7D47857B15D4928F00EA4BCB /* DownloadQueuesExample.app */,
			);
			name = Products;
			sourceTree = "<group>";
		};
		7D47857E15D4928F00EA4BCB /* Frameworks */ = {
			isa = PBXGroup;
			children = (
				7D47857F15D4928F00EA4BCB /* UIKit.framework */,
				7D47858115D4928F00EA4BCB /* Foundation.framework */,
				7D47858315D4928F00EA4BCB /* CoreGraphics.framework */,
				4F2F2005533142D3853DD1C8 /* libPods.a */,
			);
			name = Frameworks;
			sourceTree = "<group>";
		};
		7D47858515D4928F00EA4BCB /* DownloadQueuesExample */ = {
			isa = PBXGroup;
			children = (
				7D4785AE15D4A26800EA4BCB /* KeyedFileStorage */,
				7D4785A415D49AD000EA4BCB /* DownloadQueues */,
				7D47859E15D49A8A00EA4BCB /* MainViewController.h */,
				7D47859F15D49A8A00EA4BCB /* MainViewController.m */,
				7D4785A015D49A8A00EA4BCB /* MainViewController.xib */,
				7D47858E15D4928F00EA4BCB /* AppDelegate.h */,
				7D47858F15D4928F00EA4BCB /* AppDelegate.m */,
				7D47858615D4928F00EA4BCB /* Supporting Files */,
			);
			path = DownloadQueuesExample;
			sourceTree = "<group>";
		};
		7D47858615D4928F00EA4BCB /* Supporting Files */ = {
			isa = PBXGroup;
			children = (
				7D47858715D4928F00EA4BCB /* DownloadQueuesExample-Info.plist */,
				7D47858815D4928F00EA4BCB /* InfoPlist.strings */,
				7D47858B15D4928F00EA4BCB /* main.m */,
				7D47858D15D4928F00EA4BCB /* DownloadQueuesExample-Prefix.pch */,
			);
			name = "Supporting Files";
			sourceTree = "<group>";
		};
		7D4785A415D49AD000EA4BCB /* DownloadQueues */ = {
			isa = PBXGroup;
			children = (
				7D4785AB15D49CD100EA4BCB /* NSFileManager+DQTempFile.h */,
				7D4785AC15D49CD100EA4BCB /* NSFileManager+DQTempFile.m */,
				7D4785A515D49AD000EA4BCB /* DownloadQueues.h */,
				7D4785A615D49AD000EA4BCB /* DownloadQueues.m */,
				7D4785A715D49AD000EA4BCB /* DownloadItem.h */,
				7D4785A815D49AD000EA4BCB /* DownloadItem.m */,
			);
			name = DownloadQueues;
			path = ../../DownloadQueues;
			sourceTree = "<group>";
		};
		7D4785AE15D4A26800EA4BCB /* KeyedFileStorage */ = {
			isa = PBXGroup;
			children = (
				7D4785AF15D4A26900EA4BCB /* .gitignore */,
				7D4785B015D4A26900EA4BCB /* KeyedFileStorage.h */,
				7D4785B115D4A26900EA4BCB /* KeyedFileStorage.m */,
				7D4785B215D4A26900EA4BCB /* LICENSE */,
				7D4785B315D4A26900EA4BCB /* README.md */,
			);
			path = KeyedFileStorage;
			sourceTree = SOURCE_ROOT;
		};
/* End PBXGroup section */

/* Begin PBXNativeTarget section */
		7D47857A15D4928F00EA4BCB /* DownloadQueuesExample */ = {
			isa = PBXNativeTarget;
			buildConfigurationList = 7D47859315D4928F00EA4BCB /* Build configuration list for PBXNativeTarget "DownloadQueuesExample" */;
			buildPhases = (
				7D47857715D4928F00EA4BCB /* Sources */,
				7D47857815D4928F00EA4BCB /* Frameworks */,
				7D47857915D4928F00EA4BCB /* Resources */,
				B693CA6CCB4C43ABA38AFA38 /* Copy Pods Resources */,
			);
			buildRules = (
			);
			dependencies = (
			);
			name = DownloadQueuesExample;
			productName = DownloadQueuesExample;
			productReference = 7D47857B15D4928F00EA4BCB /* DownloadQueuesExample.app */;
			productType = "com.apple.product-type.application";
		};
/* End PBXNativeTarget section */

/* Begin PBXProject section */
		7D47857215D4928F00EA4BCB /* Project object */ = {
			isa = PBXProject;
			attributes = {
				LastUpgradeCheck = 0460;
				ORGANIZATIONNAME = "Shane Arney";
			};
			buildConfigurationList = 7D47857515D4928F00EA4BCB /* Build configuration list for PBXProject "DownloadQueuesExample" */;
			compatibilityVersion = "Xcode 3.2";
			developmentRegion = English;
			hasScannedForEncodings = 0;
			knownRegions = (
				en,
			);
			mainGroup = 7D47857015D4928F00EA4BCB;
			productRefGroup = 7D47857C15D4928F00EA4BCB /* Products */;
			projectDirPath = "";
			projectRoot = "";
			targets = (
				7D47857A15D4928F00EA4BCB /* DownloadQueuesExample */,
			);
		};
/* End PBXProject section */

/* Begin PBXResourcesBuildPhase section */
		7D47857915D4928F00EA4BCB /* Resources */ = {
			isa = PBXResourcesBuildPhase;
			buildActionMask = 2147483647;
			files = (
				7D47858A15D4928F00EA4BCB /* InfoPlist.strings in Resources */,
				7D4785A215D49A8A00EA4BCB /* MainViewController.xib in Resources */,
				7D4785B415D4A26900EA4BCB /* .gitignore in Resources */,
				7D4785B615D4A26900EA4BCB /* LICENSE in Resources */,
				7D4785B715D4A26900EA4BCB /* README.md in Resources */,
				7D657AD8179B6F5700A0EB26 /* Default-568h@2x.png in Resources */,
			);
			runOnlyForDeploymentPostprocessing = 0;
		};
/* End PBXResourcesBuildPhase section */

/* Begin PBXShellScriptBuildPhase section */
		B693CA6CCB4C43ABA38AFA38 /* Copy Pods Resources */ = {
			isa = PBXShellScriptBuildPhase;
			buildActionMask = 2147483647;
			files = (
			);
			inputPaths = (
			);
			name = "Copy Pods Resources";
			outputPaths = (
			);
			runOnlyForDeploymentPostprocessing = 0;
			shellPath = /bin/sh;
			shellScript = "\"${SRCROOT}/Pods/Pods-resources.sh\"\n";
		};
/* End PBXShellScriptBuildPhase section */

/* Begin PBXSourcesBuildPhase section */
		7D47857715D4928F00EA4BCB /* Sources */ = {
			isa = PBXSourcesBuildPhase;
			buildActionMask = 2147483647;
			files = (
				7D47858C15D4928F00EA4BCB /* main.m in Sources */,
				7D47859015D4928F00EA4BCB /* AppDelegate.m in Sources */,
				7D4785A115D49A8A00EA4BCB /* MainViewController.m in Sources */,
				7D4785A915D49AD000EA4BCB /* DownloadQueues.m in Sources */,
				7D4785AA15D49AD000EA4BCB /* DownloadItem.m in Sources */,
				7D4785AD15D49CD100EA4BCB /* NSFileManager+DQTempFile.m in Sources */,
				7D4785B515D4A26900EA4BCB /* KeyedFileStorage.m in Sources */,
			);
			runOnlyForDeploymentPostprocessing = 0;
		};
/* End PBXSourcesBuildPhase section */

/* Begin PBXVariantGroup section */
		7D47858815D4928F00EA4BCB /* InfoPlist.strings */ = {
			isa = PBXVariantGroup;
			children = (
				7D47858915D4928F00EA4BCB /* en */,
			);
			name = InfoPlist.strings;
			sourceTree = "<group>";
		};
/* End PBXVariantGroup section */

/* Begin XCBuildConfiguration section */
		7D47859115D4928F00EA4BCB /* Debug */ = {
			isa = XCBuildConfiguration;
			buildSettings = {
				ALWAYS_SEARCH_USER_PATHS = NO;
				ARCHS = "$(ARCHS_STANDARD_32_BIT)";
				CLANG_CXX_LANGUAGE_STANDARD = "gnu++0x";
				CLANG_ENABLE_OBJC_ARC = YES;
				CLANG_WARN_CONSTANT_CONVERSION = YES;
				CLANG_WARN_ENUM_CONVERSION = YES;
				CLANG_WARN_INT_CONVERSION = YES;
				CLANG_WARN__DUPLICATE_METHOD_MATCH = YES;
				"CODE_SIGN_IDENTITY[sdk=iphoneos*]" = "iPhone Developer";
				COPY_PHASE_STRIP = NO;
				GCC_C_LANGUAGE_STANDARD = gnu99;
				GCC_DYNAMIC_NO_PIC = NO;
				GCC_OPTIMIZATION_LEVEL = 0;
				GCC_PREPROCESSOR_DEFINITIONS = (
					"DEBUG=1",
					"$(inherited)",
				);
				GCC_SYMBOLS_PRIVATE_EXTERN = NO;
				GCC_VERSION = com.apple.compilers.llvm.clang.1_0;
				GCC_WARN_ABOUT_RETURN_TYPE = YES;
				GCC_WARN_UNINITIALIZED_AUTOS = YES;
				GCC_WARN_UNUSED_VARIABLE = YES;
				IPHONEOS_DEPLOYMENT_TARGET = 5.1;
				SDKROOT = iphoneos;
			};
			name = Debug;
		};
		7D47859215D4928F00EA4BCB /* Release */ = {
			isa = XCBuildConfiguration;
			buildSettings = {
				ALWAYS_SEARCH_USER_PATHS = NO;
				ARCHS = "$(ARCHS_STANDARD_32_BIT)";
				CLANG_CXX_LANGUAGE_STANDARD = "gnu++0x";
				CLANG_ENABLE_OBJC_ARC = YES;
				CLANG_WARN_CONSTANT_CONVERSION = YES;
				CLANG_WARN_ENUM_CONVERSION = YES;
				CLANG_WARN_INT_CONVERSION = YES;
				CLANG_WARN__DUPLICATE_METHOD_MATCH = YES;
				"CODE_SIGN_IDENTITY[sdk=iphoneos*]" = "iPhone Developer";
				COPY_PHASE_STRIP = YES;
				GCC_C_LANGUAGE_STANDARD = gnu99;
				GCC_VERSION = com.apple.compilers.llvm.clang.1_0;
				GCC_WARN_ABOUT_RETURN_TYPE = YES;
				GCC_WARN_UNINITIALIZED_AUTOS = YES;
				GCC_WARN_UNUSED_VARIABLE = YES;
				IPHONEOS_DEPLOYMENT_TARGET = 5.1;
				OTHER_CFLAGS = "-DNS_BLOCK_ASSERTIONS=1";
				SDKROOT = iphoneos;
				VALIDATE_PRODUCT = YES;
			};
			name = Release;
		};
		7D47859415D4928F00EA4BCB /* Debug */ = {
			isa = XCBuildConfiguration;
			baseConfigurationReference = 844F5B94860D4CFDB2C69490 /* Pods.xcconfig */;
			buildSettings = {
				GCC_PRECOMPILE_PREFIX_HEADER = YES;
				GCC_PREFIX_HEADER = "DownloadQueuesExample/DownloadQueuesExample-Prefix.pch";
				INFOPLIST_FILE = "DownloadQueuesExample/DownloadQueuesExample-Info.plist";
				PRODUCT_NAME = "$(TARGET_NAME)";
				WRAPPER_EXTENSION = app;
			};
			name = Debug;
		};
		7D47859515D4928F00EA4BCB /* Release */ = {
			isa = XCBuildConfiguration;
			baseConfigurationReference = 844F5B94860D4CFDB2C69490 /* Pods.xcconfig */;
			buildSettings = {
				GCC_PRECOMPILE_PREFIX_HEADER = YES;
				GCC_PREFIX_HEADER = "DownloadQueuesExample/DownloadQueuesExample-Prefix.pch";
				INFOPLIST_FILE = "DownloadQueuesExample/DownloadQueuesExample-Info.plist";
				PRODUCT_NAME = "$(TARGET_NAME)";
				WRAPPER_EXTENSION = app;
			};
			name = Release;
		};
/* End XCBuildConfiguration section */

/* Begin XCConfigurationList section */
		7D47857515D4928F00EA4BCB /* Build configuration list for PBXProject "DownloadQueuesExample" */ = {
			isa = XCConfigurationList;
			buildConfigurations = (
				7D47859115D4928F00EA4BCB /* Debug */,
				7D47859215D4928F00EA4BCB /* Release */,
			);
			defaultConfigurationIsVisible = 0;
			defaultConfigurationName = Release;
		};
		7D47859315D4928F00EA4BCB /* Build configuration list for PBXNativeTarget "DownloadQueuesExample" */ = {
			isa = XCConfigurationList;
			buildConfigurations = (
				7D47859415D4928F00EA4BCB /* Debug */,
				7D47859515D4928F00EA4BCB /* Release */,
			);
			defaultConfigurationIsVisible = 0;
			defaultConfigurationName = Release;
		};
/* End XCConfigurationList section */
	};
	rootObject = 7D47857215D4928F00EA4BCB /* Project object */;
}
